github.com/kolo/xmlrpc v0.0.0-20181023172212-16bdd962781d h1:Ai2G9HFG0t5IlYCvaJeLM7vT5TDGKhmZ8kIXolUrvy0=
github.com/kolo/xmlrpc v0.0.0-20181023172212-16bdd962781d/go.mod h1:o03bZfuBwAXHetKXuInt4S7omeXUu62/A845kiycsSQ=
golang.org/x/text v0.3.0 h1:g61tztE5qeGQ89tm6NTjjM9VPIm088od1l6aSorWRWg=
golang.org/x/text v0.3.0/go.mod h1:NqM8EUOU14njkJ3fqMW+pc6Ldnwhi/IjpwHt7yyuwOQ=
